
Microsoft Visual Studio Solution File, Format Version 12.00
# Visual Studio 15
VisualStudioVersion = 15.0.27703.2035
MinimumVisualStudioVersion = 10.0.40219.1
Project("{FAE04EC0-301F-11D3-BF4B-00C04F79EFBC}") = "MicoClient", "MicoClient\MicoClient.csproj", "{C1B5AF4D-68F3-463E-B0BA-160C5866768B}"
EndProject
Project("{FAE04EC0-301F-11D3-BF4B-00C04F79EFBC}") = "MicoServer", "MicoServer\MicoServer.csproj", "{6AE93FC4-E1CB-488B-BCA6-8F335815AFCC}"
EndProject
Project("{FAE04EC0-301F-11D3-BF4B-00C04F79EFBC}") = "MicoClientTests", "MicoClientTests\MicoClientTests.csproj", "{53984463-F839-4962-8F87-85FEEAB385B6}"
EndProject
Project("{FAE04EC0-301F-11D3-BF4B-00C04F79EFBC}") = "MicoServerTests", "MicoServerTests\MicoServerTests.csproj", "{0DCA5258-1F71-41DE-8ACC-15134B4268B7}"
EndProject
Global
	GlobalSection(SolutionConfigurationPlatforms) = preSolution
		Debug|Any CPU = Debug|Any CPU
		Release|Any CPU = Release|Any CPU
	EndGlobalSection
	GlobalSection(ProjectConfigurationPlatforms) = postSolution
		{C1B5AF4D-68F3-463E-B0BA-160C5866768B}.Debug|Any CPU.ActiveCfg = Debug|Any CPU
		{C1B5AF4D-68F3-463E-B0BA-160C5866768B}.Debug|Any CPU.Build.0 = Debug|Any CPU
		{C1B5AF4D-68F3-463E-B0BA-160C5866768B}.Release|Any CPU.ActiveCfg = Release|Any CPU
		{C1B5AF4D-68F3-463E-B0BA-160C5866768B}.Release|Any CPU.Build.0 = Release|Any CPU
		{6AE93FC4-E1CB-488B-BCA6-8F335815AFCC}.Debug|Any CPU.ActiveCfg = Debug|Any CPU
		{6AE93FC4-E1CB-488B-BCA6-8F335815AFCC}.Debug|Any CPU.Build.0 = Debug|Any CPU
		{6AE93FC4-E1CB-488B-BCA6-8F335815AFCC}.Release|Any CPU.ActiveCfg = Release|Any CPU
		{6AE93FC4-E1CB-488B-BCA6-8F335815AFCC}.Release|Any CPU.Build.0 = Release|Any CPU
		{53984463-F839-4962-8F87-85FEEAB385B6}.Debug|Any CPU.ActiveCfg = Debug|Any CPU
		{53984463-F839-4962-8F87-85FEEAB385B6}.Debug|Any CPU.Build.0 = Debug|Any CPU
		{53984463-F839-4962-8F87-85FEEAB385B6}.Release|Any CPU.ActiveCfg = Release|Any CPU
		{53984463-F839-4962-8F87-85FEEAB385B6}.Release|Any CPU.Build.0 = Release|Any CPU
		{0DCA5258-1F71-41DE-8ACC-15134B4268B7}.Debug|Any CPU.ActiveCfg = Debug|Any CPU
		{0DCA5258-1F71-41DE-8ACC-15134B4268B7}.Debug|Any CPU.Build.0 = Debug|Any CPU
		{0DCA5258-1F71-41DE-8ACC-15134B4268B7}.Release|Any CPU.ActiveCfg = Release|Any CPU
		{0DCA5258-1F71-41DE-8ACC-15134B4268B7}.Release|Any CPU.Build.0 = Release|Any CPU
	EndGlobalSection
	GlobalSection(SolutionProperties) = preSolution
		HideSolutionNode = FALSE
	EndGlobalSection
	GlobalSection(ExtensibilityGlobals) = postSolution
		SolutionGuid = {E97A81EC-F47D-4255-9DC8-2B6BAC31E2E3}
	EndGlobalSection
EndGlobal
